
Microsoft Visual Studio Solution File, Format Version 12.00
# Visual Studio Version 17
VisualStudioVersion = 17.2.32526.322
MinimumVisualStudioVersion = 10.0.40219.1
Project("{FAE04EC0-301F-11D3-BF4B-00C04F79EFBC}") = "NFMMScraper", "NFMMScraper\NFMMScraper.csproj", "{CFCBC146-10AA-4F96-85B1-0CE8BF5D68FC}"
EndProject
Global
	GlobalSection(SolutionConfigurationPlatforms) = preSolution
		Debug|Any CPU = Debug|Any CPU
		Release|Any CPU = Release|Any CPU
	EndGlobalSection
	GlobalSection(ProjectConfigurationPlatforms) = postSolution
		{CFCBC146-10AA-4F96-85B1-0CE8BF5D68FC}.Debug|Any CPU.ActiveCfg = Debug|Any CPU
		{CFCBC146-10AA-4F96-85B1-0CE8BF5D68FC}.Debug|Any CPU.Build.0 = Debug|Any CPU
		{CFCBC146-10AA-4F96-85B1-0CE8BF5D68FC}.Release|Any CPU.ActiveCfg = Release|Any CPU
		{CFCBC146-10AA-4F96-85B1-0CE8BF5D68FC}.Release|Any CPU.Build.0 = Release|Any CPU
	EndGlobalSection
	GlobalSection(SolutionProperties) = preSolution
		HideSolutionNode = FALSE
	EndGlobalSection
	GlobalSection(ExtensibilityGlobals) = postSolution
		SolutionGuid = {C39E9E18-0CC7-4B58-902C-6C1A892263B3}
	EndGlobalSection
EndGlobal
